
Microsoft Visual Studio Solution File, Format Version 12.00
# Visual Studio Version 17
VisualStudioVersion = 17.6.33723.286
MinimumVisualStudioVersion = 10.0.40219.1
Project("{FAE04EC0-301F-11D3-BF4B-00C04F79EFBC}") = "ChatApplicationRemade", "ChatApplicationRemade.csproj", "{0C0441E8-3034-4468-8AD0-8698AB85F32B}"
EndProject
Global
	GlobalSection(SolutionConfigurationPlatforms) = preSolution
		Debug|Any CPU = Debug|Any CPU
		Release|Any CPU = Release|Any CPU
	EndGlobalSection
	GlobalSection(ProjectConfigurationPlatforms) = postSolution
		{0C0441E8-3034-4468-8AD0-8698AB85F32B}.Debug|Any CPU.ActiveCfg = Debug|Any CPU
		{0C0441E8-3034-4468-8AD0-8698AB85F32B}.Debug|Any CPU.Build.0 = Debug|Any CPU
		{0C0441E8-3034-4468-8AD0-8698AB85F32B}.Release|Any CPU.ActiveCfg = Release|Any CPU
		{0C0441E8-3034-4468-8AD0-8698AB85F32B}.Release|Any CPU.Build.0 = Release|Any CPU
	EndGlobalSection
	GlobalSection(SolutionProperties) = preSolution
		HideSolutionNode = FALSE
	EndGlobalSection
	GlobalSection(ExtensibilityGlobals) = postSolution
		SolutionGuid = {B4589FAC-6440-485B-89BC-7C131C7CF8FF}
	EndGlobalSection
EndGlobal
